{
  "version": 4,
  "terraform_version": "1.1.6",
  "serial": 2,
  "lineage": "20fd6250-cd76-9c00-9f64-fdb49e5b3e33",
  "outputs": {
    "controller_ip_address": {
      "value": "143.110.247.9",
      "type": "string"
    }
  },
  "resources": [
    {
      "mode": "data",
      "type": "digitalocean_ssh_key",
      "name": "default",
      "provider": "provider[\"registry.terraform.io/digitalocean/digitalocean\"]",
      "instances": [
        {
          "schema_version": 0,
          "attributes": {
            "fingerprint": "d8:77:dc:85:93:37:00:5b:ed:6b:38:4f:af:00:59:65",
            "id": 33011897,
            "name": "mykey",
            "public_key": "ssh-rsa AAAAB3NzaC1yc2EAAAADAQABAAABgQDDPI5FgF7Q/MysSjmvwNye3ENFSMG4eQbOUnQ2Dk/nJG3YyoCWoQJy05VNIPv7GCCADE+YD0938IXPH4ORHRrbZBVU6nzJKXnTiogV+MaYbCfmLBdl0PRHIGG7IKZI5Se2KANMsY8jY2VCaMYUwTmk3RJStq5aVOenGakmJyrkyn69p4q+vA2SuEnwRExlP3z4ITzu9CdvFzNYG83bNFctdHuxAFcWl/47M14WN0Zaj1NFGtUt3+FNmC72HnyjVpIPxQG+LXSZtnu4tJv9erZNn/9Y3Ax1Q5ChKFLwdcB3R4j07V6lGryoN2Mex6Hcv4WWwFMx54v1g3S1oRhv1jVnKSX5H7MuRti6kyrdOkTUNkfi/vNBFh+WhJqYHa6kRps54JWpbL6zG8IWBdWbCPtSBeSwV6EDdfExJ06H4fYRxaHxYwCl0rxT4f8H1QBazT1bFm+0SJYGKW+eB9SJU9+AK3h0/NPnPRhxt+8QDk//FxjpQBFgHXpp1hRDAHZ68a8= rupeshpanwar@Rupeshs-MacBook-Air.local"
          },
          "sensitive_attributes": []
        }
      ]
    },
    {
      "mode": "managed",
      "type": "digitalocean_droplet",
      "name": "ubuntu",
      "provider": "provider[\"registry.terraform.io/digitalocean/digitalocean\"]",
      "instances": [
        {
          "schema_version": 1,
          "attributes": {
            "backups": false,
            "created_at": "2022-02-26T10:51:15Z",
            "disk": 80,
            "droplet_agent": null,
            "graceful_shutdown": false,
            "id": "288382584",
            "image": "ubuntu-20-04-x64",
            "ipv4_address": "143.110.247.9",
            "ipv4_address_private": "10.122.0.4",
            "ipv6": false,
            "ipv6_address": "",
            "locked": false,
            "memory": 4096,
            "monitoring": false,
            "name": "gitlab-jenkins",
            "price_hourly": 0.02976,
            "price_monthly": 20,
            "private_networking": true,
            "region": "blr1",
            "resize_disk": true,
            "size": "s-2vcpu-4gb",
            "ssh_keys": [
              "d8:77:dc:85:93:37:00:5b:ed:6b:38:4f:af:00:59:65"
            ],
            "status": "active",
            "tags": null,
            "urn": "do:droplet:288382584",
            "user_data": null,
            "vcpus": 2,
            "volume_ids": [],
            "vpc_uuid": "bc969772-860d-4643-a51b-df0327f6d30d"
          },
          "sensitive_attributes": [],
          "private": "eyJzY2hlbWFfdmVyc2lvbiI6IjEifQ==",
          "dependencies": [
            "data.digitalocean_ssh_key.default"
          ]
        }
      ]
    }
  ]
}
